
Microsoft Visual Studio Solution File, Format Version 12.00
# Visual Studio 15
VisualStudioVersion = 15.0.28307.106
MinimumVisualStudioVersion = 10.0.40219.1
Project("{FAE04EC0-301F-11D3-BF4B-00C04F79EFBC}") = "Prosesmt.Api", "Prosesmt.Api\Prosesmt.Api.csproj", "{DA6A8A6E-524B-4EAC-9A66-CD8EE8BC1473}"
EndProject
Global
	GlobalSection(SolutionConfigurationPlatforms) = preSolution
		Debug|Any CPU = Debug|Any CPU
		Release|Any CPU = Release|Any CPU
	EndGlobalSection
	GlobalSection(ProjectConfigurationPlatforms) = postSolution
		{DA6A8A6E-524B-4EAC-9A66-CD8EE8BC1473}.Debug|Any CPU.ActiveCfg = Debug|Any CPU
		{DA6A8A6E-524B-4EAC-9A66-CD8EE8BC1473}.Debug|Any CPU.Build.0 = Debug|Any CPU
		{DA6A8A6E-524B-4EAC-9A66-CD8EE8BC1473}.Release|Any CPU.ActiveCfg = Release|Any CPU
		{DA6A8A6E-524B-4EAC-9A66-CD8EE8BC1473}.Release|Any CPU.Build.0 = Release|Any CPU
	EndGlobalSection
	GlobalSection(SolutionProperties) = preSolution
		HideSolutionNode = FALSE
	EndGlobalSection
	GlobalSection(ExtensibilityGlobals) = postSolution
		SolutionGuid = {5BD3AA3F-85DA-4A5E-91D9-A3AB07B97C82}
	EndGlobalSection
EndGlobal
